
Microsoft Visual Studio Solution File, Format Version 12.00
# Visual Studio Version 17
VisualStudioVersion = 17.14.36408.4 d17.14
MinimumVisualStudioVersion = 10.0.40219.1
Project("{FAE04EC0-301F-11D3-BF4B-00C04F79EFBC}") = "Inventory", "Inventory\Inventory.csproj", "{25D068E9-ABD9-4118-BB3F-8BA72976334D}"
EndProject
Global
	GlobalSection(SolutionConfigurationPlatforms) = preSolution
		Debug|Any CPU = Debug|Any CPU
		Release|Any CPU = Release|Any CPU
	EndGlobalSection
	GlobalSection(ProjectConfigurationPlatforms) = postSolution
		{25D068E9-ABD9-4118-BB3F-8BA72976334D}.Debug|Any CPU.ActiveCfg = Debug|Any CPU
		{25D068E9-ABD9-4118-BB3F-8BA72976334D}.Debug|Any CPU.Build.0 = Debug|Any CPU
		{25D068E9-ABD9-4118-BB3F-8BA72976334D}.Release|Any CPU.ActiveCfg = Release|Any CPU
		{25D068E9-ABD9-4118-BB3F-8BA72976334D}.Release|Any CPU.Build.0 = Release|Any CPU
	EndGlobalSection
	GlobalSection(SolutionProperties) = preSolution
		HideSolutionNode = FALSE
	EndGlobalSection
	GlobalSection(ExtensibilityGlobals) = postSolution
		SolutionGuid = {696261DE-1C63-414D-9733-4E6FA7263BB2}
	EndGlobalSection
EndGlobal
